<?xml version="1.0" encoding="UTF-8"?>
<!DOCTYPE plist PUBLIC "-//Apple//DTD PLIST 1.0//EN" "http://www.apple.com/DTDs/PropertyList-1.0.dtd">
<plist version="1.0">
<dict>
	<key>BuildNumber</key>
	<string>416142</string>
	<key>BundleIdentifier</key>
	<string>com.barebones.bbedit</string>
	<key>HostIdentifier</key>
	<string>3D730376-C28C-5A3C-BB35-0F9FC2F84EF7</string>
	<key>HostName</key>
	<string>Appleby</string>
	<key>LockDate</key>
	<date>2022-02-23T13:38:34Z</date>
	<key>LockID</key>
	<string>B52BDAFB-0F02-4383-BF6C-52A37379725C</string>
	<key>MarketingVersion</key>
	<string>14.1</string>
	<key>NetworkVolume</key>
	<false/>
	<key>ProcessIdentifier</key>
	<integer>15249</integer>
	<key>UserName</key>
	<string>richard</string>
	<key>Version</key>
	<integer>3</integer>
	<key>VolumeIdentifier</key>
	<string>958AAF4C-8D15-4C68-8F97-FCBB23875770</string>
</dict>
</plist>
