<?xml version="1.0" encoding="UTF-8"?>
<!DOCTYPE plist PUBLIC "-//Apple//DTD PLIST 1.0//EN" "http://www.apple.com/DTDs/PropertyList-1.0.dtd">
<plist version="1.0">
<dict>
	<key>BuildNumber</key>
	<string>416142</string>
	<key>BundleIdentifier</key>
	<string>com.barebones.bbedit</string>
	<key>HostIdentifier</key>
	<string>AB73626F-AB0A-5E2D-9095-A16F16A4075D</string>
	<key>HostName</key>
	<string>Janette’s MacBook Air (2)</string>
	<key>LockDate</key>
	<date>2022-02-19T17:47:53Z</date>
	<key>LockID</key>
	<string>FE145EA7-DDFE-43DD-8EA4-6F4EDD520C75</string>
	<key>MarketingVersion</key>
	<string>14.1</string>
	<key>NetworkVolume</key>
	<false/>
	<key>ProcessIdentifier</key>
	<integer>98454</integer>
	<key>UserName</key>
	<string>richard</string>
	<key>Version</key>
	<integer>3</integer>
	<key>VolumeIdentifier</key>
	<string>F7793B9F-995A-4FE7-9342-31D2480CE4A2</string>
</dict>
</plist>
