<?xml version="1.0" encoding="UTF-8"?>
<!DOCTYPE plist PUBLIC "-//Apple//DTD PLIST 1.0//EN" "http://www.apple.com/DTDs/PropertyList-1.0.dtd">
<plist version="1.0">
<dict>
	<key>BuildNumber</key>
	<string>416142</string>
	<key>BundleIdentifier</key>
	<string>com.barebones.bbedit</string>
	<key>HostIdentifier</key>
	<string>910CC56E-D132-5B20-964E-103A3AD08FE5</string>
	<key>HostName</key>
	<string>Captain Flume</string>
	<key>LockDate</key>
	<date>2022-03-01T18:54:26Z</date>
	<key>LockID</key>
	<string>E4A5C9E8-5C85-47F9-AAC2-85AE4066E359</string>
	<key>MarketingVersion</key>
	<string>14.1</string>
	<key>NetworkVolume</key>
	<false/>
	<key>ProcessIdentifier</key>
	<integer>2449</integer>
	<key>UserName</key>
	<string>richard</string>
	<key>Version</key>
	<integer>3</integer>
	<key>VolumeIdentifier</key>
	<string>2A2BAA9E-C8F0-44B7-86B6-BE04829F2044</string>
</dict>
</plist>
